
Microsoft Visual Studio Solution File, Format Version 12.00
# Visual Studio Version 16
VisualStudioVersion = 16.0.29911.84
MinimumVisualStudioVersion = 10.0.40219.1
Project("{FAE04EC0-301F-11D3-BF4B-00C04F79EFBC}") = "ConsoleApp1", "ConsoleApp1\ConsoleApp1.csproj", "{0811E143-E70A-459C-9FF7-5624E80A10A1}"
EndProject
Global
	GlobalSection(SolutionConfigurationPlatforms) = preSolution
		Debug|Any CPU = Debug|Any CPU
		Release|Any CPU = Release|Any CPU
	EndGlobalSection
	GlobalSection(ProjectConfigurationPlatforms) = postSolution
		{0811E143-E70A-459C-9FF7-5624E80A10A1}.Debug|Any CPU.ActiveCfg = Debug|Any CPU
		{0811E143-E70A-459C-9FF7-5624E80A10A1}.Debug|Any CPU.Build.0 = Debug|Any CPU
		{0811E143-E70A-459C-9FF7-5624E80A10A1}.Release|Any CPU.ActiveCfg = Release|Any CPU
		{0811E143-E70A-459C-9FF7-5624E80A10A1}.Release|Any CPU.Build.0 = Release|Any CPU
	EndGlobalSection
	GlobalSection(SolutionProperties) = preSolution
		HideSolutionNode = FALSE
	EndGlobalSection
	GlobalSection(ExtensibilityGlobals) = postSolution
		SolutionGuid = {BBCA7693-F846-4AA4-A514-1B9C49D6B0EC}
	EndGlobalSection
EndGlobal
